PODS:
  - Bolts (1.8.4):
    - Bolts/AppLinks (= 1.8.4)
    - Bolts/Tasks (= 1.8.4)
  - Bolts/AppLinks (1.8.4):
    - Bolts/Tasks
  - Bolts/Tasks (1.8.4)
  - FBSDKCoreKit (4.25.0):
    - Bolts (~> 1.7)
  - GoogleAnalytics (3.17.0)

DEPENDENCIES:
  - FBSDKCoreKit (~> 4.25)
  - GoogleAnalytics (~> 3.17)

SPEC CHECKSUMS:
  Bolts: 8a7995239dbe724f9cba2248b766d48b7ebdd322
  FBSDKCoreKit: 53e3f4bfb64e80c5f229dd30ae33ff57fbbbd2d1
  GoogleAnalytics: f42cc53a87a51fe94334821868d9c8481ff47a7b

PODFILE CHECKSUM: 86d31816b124635fd7cc3d5826f3c37770230d0a

COCOAPODS: 1.0.1
